
Microsoft Visual Studio Solution File, Format Version 12.00
# Visual Studio Version 17
VisualStudioVersion = 17.6.33829.357
MinimumVisualStudioVersion = 10.0.40219.1
Project("{2150E333-8FDC-42A3-9474-1A3956D46DE8}") = "FrontEnd", "FrontEnd", "{AFDC80F2-C5A1-4921-B8E3-E4AC50A89803}"
EndProject
Project("{2150E333-8FDC-42A3-9474-1A3956D46DE8}") = "Gateway", "Gateway", "{827323C4-41EB-4DEF-9DD2-518C223ED593}"
EndProject
Project("{2150E333-8FDC-42A3-9474-1A3956D46DE8}") = "Integration", "Integration", "{6AB8A593-9B35-4304-AF50-4B40D655DDD6}"
EndProject
Project("{2150E333-8FDC-42A3-9474-1A3956D46DE8}") = "Services", "Services", "{D96DFC4F-574D-4C8E-B6EA-14EDF72F5B97}"
EndProject
Project("{9A19103F-16F7-4668-BE54-9A1E7A4F7556}") = "Mango.Services.CouponAPI", "Mango.Services.CoupunAPI\Mango.Services.CouponAPI.csproj", "{386457F8-FB89-42F7-8FEF-C5B3D5634D60}"
EndProject
Global
	GlobalSection(SolutionConfigurationPlatforms) = preSolution
		Debug|Any CPU = Debug|Any CPU
		Release|Any CPU = Release|Any CPU
	EndGlobalSection
	GlobalSection(ProjectConfigurationPlatforms) = postSolution
		{386457F8-FB89-42F7-8FEF-C5B3D5634D60}.Debug|Any CPU.ActiveCfg = Debug|Any CPU
		{386457F8-FB89-42F7-8FEF-C5B3D5634D60}.Debug|Any CPU.Build.0 = Debug|Any CPU
		{386457F8-FB89-42F7-8FEF-C5B3D5634D60}.Release|Any CPU.ActiveCfg = Release|Any CPU
		{386457F8-FB89-42F7-8FEF-C5B3D5634D60}.Release|Any CPU.Build.0 = Release|Any CPU
	EndGlobalSection
	GlobalSection(SolutionProperties) = preSolution
		HideSolutionNode = FALSE
	EndGlobalSection
	GlobalSection(NestedProjects) = preSolution
		{386457F8-FB89-42F7-8FEF-C5B3D5634D60} = {D96DFC4F-574D-4C8E-B6EA-14EDF72F5B97}
	EndGlobalSection
	GlobalSection(ExtensibilityGlobals) = postSolution
		SolutionGuid = {C7C6BEE6-81AA-46C4-92EA-61073BDEAF8B}
	EndGlobalSection
EndGlobal
